# This file is autogenerated, do not edit; changes may be undone by the next 'dep ensure'.


[[projects]]
  branch = "master"
  digest = "1:707ebe952a8b3d00b343c01536c79c73771d100f63ec6babeaed5c79e2b8a8dd"
  name = "github.com/beorn7/perks"
  packages = ["quantile"]
  pruneopts = "NUT"
  revision = "3a771d992973f24aa725d07868b467d1ddfceafb"

[[projects]]
  branch = "master"
  digest = "1:d83a0c69ae2f09a89d2c2a05d1158c522947d681c26cd5a0c25a39ca8ed031a9"
  name = "github.com/bouk/monkey"
  packages = ["."]
  pruneopts = "NUT"
  revision = "5df1f207ff77e025801505ae4d903133a0b4353f"

[[projects]]
  digest = "1:44c738100e2aac62d6f3cb3a29b2c6f928855981c77e792e5a830ad83bb1593b"
  name = "github.com/bsm/redis-lock"
  packages = ["."]
  pruneopts = "NUT"
  revision = "1dfc459b28b179b4ff73d82b7b58d8d2b10ec3be"
  version = "v8.0.0"

[[projects]]
  digest = "1:a1f4c0dc0de1310fe45eb51fa24ec1a09f91193d782351dd72bcc5753724f40d"
  name = "github.com/chapsuk/mserv"
  packages = ["."]
  pruneopts = "NUT"
  revision = "87bf9f6874cd4155901eaba230afff3df3d2c2bc"
  version = "v0.3.1"

[[projects]]
  digest = "1:430fe1e9f8112d6408f2e1af17882c54cf24bc536f8653fe707ab4cb23f49568"
  name = "github.com/chapsuk/wait"
  packages = ["."]
  pruneopts = "NUT"
  revision = "2dc40db0485b845f0059e317ea14746db75184d5"
  version = "v0.3"

[[projects]]
  digest = "1:66a66b4736223bee52cbce8c178918220660ea0c5c8c896e5426b3c677c57e2c"
  name = "github.com/chapsuk/worker"
  packages = ["."]
  pruneopts = "NUT"
  revision = "458f4ebc369ba575100c493feb02782a0fa82262"
  version = "v0.4.0"

[[projects]]
  digest = "1:a2c1d0e43bd3baaa071d1b9ed72c27d78169b2b269f71c105ac4ba34b1be4a39"
  name = "github.com/davecgh/go-spew"
  packages = ["spew"]
  pruneopts = "NUT"
  revision = "346938d642f2ec3594ed81d874461961cd0faa76"
  version = "v1.1.0"

[[projects]]
  digest = "1:1b91ae0dc69a41d4c2ed23ea5cffb721ea63f5037ca4b81e6d6771fbb8f45129"
  name = "github.com/fsnotify/fsnotify"
  packages = ["."]
  pruneopts = "NUT"
  revision = "c2828203cd70a50dcccfb2761f8b1f8ceef9a8e9"
  version = "v1.4.7"

[[projects]]
  digest = "1:964c27e0648107f737500972fa279292f2a605e66219e758362f3e0427a8e051"
  name = "github.com/go-pg/pg"
  packages = [
    ".",
    "internal",
    "internal/parser",
    "internal/pool",
    "orm",
    "types",
  ]
  pruneopts = "NUT"
  revision = "c0368cd6ee62269f0a5c3d6c9c02c6d192760bc6"
  version = "v6.14.3"

[[projects]]
  digest = "1:1c109e91a99627f9c80e8794d80773c8532dfcf234b45cdb6a6388b30a5bb5e7"
  name = "github.com/go-playground/locales"
  packages = [
    ".",
    "currency",
  ]
  pruneopts = "NUT"
  revision = "f63010822830b6fe52288ee52d5a1151088ce039"
  version = "v0.12.1"

[[projects]]
  digest = "1:1683152827ebac377858b53a6ad0be90fb1711061c7e580c5dc719834a349162"
  name = "github.com/go-playground/universal-translator"
  packages = ["."]
  pruneopts = "NUT"
  revision = "b32fa301c9fe55953584134cb6853a13c87ec0a1"
  version = "v0.16.0"

[[projects]]
  digest = "1:378ac40504a431f4725c820061d7ca7018c38ae56a91aefedde970d3d18e9a3c"
  name = "github.com/go-redis/redis"
  packages = [
    ".",
    "internal",
    "internal/consistenthash",
    "internal/hashtag",
    "internal/pool",
    "internal/proto",
    "internal/singleflight",
    "internal/util",
  ]
  pruneopts = "NUT"
  revision = "3143c672b64e5edbf92410f2e14cdc893428cfbf"
  version = "v6.13.0"

[[projects]]
  digest = "1:03e14cff610a8a58b774e36bd337fa979482be86aab01be81fb8bbd6d0f07fc8"
  name = "github.com/golang/protobuf"
  packages = [
    "proto",
    "ptypes",
    "ptypes/any",
    "ptypes/duration",
    "ptypes/timestamp",
  ]
  pruneopts = "NUT"
  revision = "b4deda0973fb4c70b50d226b1af49f3da59f5265"
  version = "v1.1.0"

[[projects]]
  branch = "master"
  digest = "1:f14d1b50e0075fb00177f12a96dd7addf93d1e2883c25befd17285b779549795"
  name = "github.com/gopherjs/gopherjs"
  packages = ["js"]
  pruneopts = "NUT"
  revision = "0892b62f0d9fb5857760c3cfca837207185117ee"

[[projects]]
  branch = "master"
  digest = "1:11c6c696067d3127ecf332b10f89394d386d9083f82baf71f40f2da31841a009"
  name = "github.com/hashicorp/hcl"
  packages = [
    ".",
    "hcl/ast",
    "hcl/parser",
    "hcl/printer",
    "hcl/scanner",
    "hcl/strconv",
    "hcl/token",
    "json/parser",
    "json/scanner",
    "json/token",
  ]
  pruneopts = "NUT"
  revision = "ef8a98b0bbce4a65b5aa4c368430a80ddc533168"

[[projects]]
  branch = "master"
  digest = "1:802f75230c29108e787d40679f9bf5da1a5673eaf5c10eb89afd993e18972909"
  name = "github.com/jinzhu/inflection"
  packages = ["."]
  pruneopts = "NUT"
  revision = "04140366298a54a039076d798123ffa108fff46c"

[[projects]]
  digest = "1:6ddab442e52381bab82fb6c07ef3f4b565ff7ec4b8fae96d8dd4b8573a460597"
  name = "github.com/jtolds/gls"
  packages = ["."]
  pruneopts = "NUT"
  revision = "77f18212c9c7edc9bd6a33d383a7b545ce62f064"
  version = "v4.2.1"

[[projects]]
  digest = "1:1025d380a30c56f99cf577f874b260e6779729ebd06cf785c2321d6ad3b50a92"
  name = "github.com/labstack/echo"
  packages = ["."]
  pruneopts = "NUT"
  revision = "6d227dfea4d2e52cb76856120b3c17f758139b4e"
  version = "3.3.5"

[[projects]]
  digest = "1:8c6f5c3445fe2402075ce8e5d958f9cb93fd36eab8d2fa26ccb8df6a37226f69"
  name = "github.com/labstack/gommon"
  packages = [
    "color",
    "log",
  ]
  pruneopts = "NUT"
  revision = "d6898124de917583f5ff5592ef931d1dfe0ddc05"
  version = "0.2.6"

[[projects]]
  digest = "1:d244f8666a838fe6ad70ec8fe77f50ebc29fdc3331a2729ba5886bef8435d10d"
  name = "github.com/magiconair/properties"
  packages = ["."]
  pruneopts = "NUT"
  revision = "c2353362d570a7bfa228149c62842019201cfb71"
  version = "v1.8.0"

[[projects]]
  digest = "1:08c231ec84231a7e23d67e4b58f975e1423695a32467a362ee55a803f9de8061"
  name = "github.com/mattn/go-colorable"
  packages = ["."]
  pruneopts = "NUT"
  revision = "167de6bfdfba052fa6b2d3664c8f5272e23c9072"
  version = "v0.0.9"

[[projects]]
  digest = "1:bc4f7eec3b7be8c6cb1f0af6c1e3333d5bb71072951aaaae2f05067b0803f287"
  name = "github.com/mattn/go-isatty"
  packages = ["."]
  pruneopts = "NUT"
  revision = "0360b2af4f38e8d38c7fce2a9f4e702702d73a39"
  version = "v0.0.3"

[[projects]]
  digest = "1:5985ef4caf91ece5d54817c11ea25f182697534f8ae6521eadcd628c142ac4b6"
  name = "github.com/matttproud/golang_protobuf_extensions"
  packages = ["pbutil"]
  pruneopts = "NUT"
  revision = "c12348ce28de40eed0136aa2b644d0ee0650e56c"
  version = "v1.0.1"

[[projects]]
  branch = "master"
  digest = "1:5fe20cfe4ef484c237cec9f947b2a6fa90bad4b8610fd014f0e4211e13d82d5d"
  name = "github.com/mitchellh/mapstructure"
  packages = ["."]
  pruneopts = "NUT"
  revision = "f15292f7a699fcc1a38a80977f80a046874ba8ac"

[[projects]]
  digest = "1:231972084a90285192fa1edcfca436122b6f3418b14d49f54ccc27f08dcf3006"
  name = "github.com/nats-io/gnatsd"
  packages = [
    "conf",
    "logger",
    "server",
    "server/pse",
    "test",
    "util",
  ]
  pruneopts = "NUT"
  revision = "6608e9ac3be979dcb0614b772cc86a87b71acaa3"
  version = "v1.2.0"

[[projects]]
  digest = "1:7384857e3cd6009fa5ee212e3518773cdf222fe44aab9c3095a92b7a73f7612c"
  name = "github.com/nats-io/go-nats"
  packages = [
    ".",
    "encoders/builtin",
    "util",
  ]
  pruneopts = "NUT"
  revision = "062418ea1c2181f52dc0f954f6204370519a868b"
  version = "v1.5.0"

[[projects]]
  digest = "1:552100985450eaa4a8fa8d18fe8b6b1a04997c4d2ac24f154cc9471430cc4e1c"
  name = "github.com/nats-io/nuid"
  packages = ["."]
  pruneopts = "NUT"
  revision = "289cccf02c178dc782430d534e3c1f5b72af807f"
  version = "v1.0.0"

[[projects]]
  digest = "1:51ea800cff51752ff68e12e04106f5887b4daec6f9356721238c28019f0b42db"
  name = "github.com/pelletier/go-toml"
  packages = ["."]
  pruneopts = "NUT"
  revision = "c01d1270ff3e442a8a57cddc1c92dc1138598194"
  version = "v1.2.0"

[[projects]]
  digest = "1:5cf3f025cbee5951a4ee961de067c8a89fc95a5adabead774f82822efabab121"
  name = "github.com/pkg/errors"
  packages = ["."]
  pruneopts = "NUT"
  revision = "645ef00459ed84a119197bfb8d8205042c6df63d"
  version = "v0.8.0"

[[projects]]
  digest = "1:0028cb19b2e4c3112225cd871870f2d9cf49b9b4276531f03438a88e94be86fe"
  name = "github.com/pmezard/go-difflib"
  packages = ["difflib"]
  pruneopts = "NUT"
  revision = "792786c7400a136282c1664665ae0a8db921c6c2"
  version = "v1.0.0"

[[projects]]
  digest = "1:03bca087b180bf24c4f9060775f137775550a0834e18f0bca0520a868679dbd7"
  name = "github.com/prometheus/client_golang"
  packages = [
    "prometheus",
    "prometheus/promhttp",
  ]
  pruneopts = "NUT"
  revision = "c5b7fccd204277076155f10851dad72b76a49317"
  version = "v0.8.0"

[[projects]]
  branch = "master"
  digest = "1:2d5cd61daa5565187e1d96bae64dbbc6080dacf741448e9629c64fd93203b0d4"
  name = "github.com/prometheus/client_model"
  packages = ["go"]
  pruneopts = "NUT"
  revision = "5c3871d89910bfb32f5fcab2aa4b9ec68e65a99f"

[[projects]]
  branch = "master"
  digest = "1:768b555b86742de2f28beb37f1dedce9a75f91f871d75b5717c96399c1a78c08"
  name = "github.com/prometheus/common"
  packages = [
    "expfmt",
    "internal/bitbucket.org/ww/goautoneg",
    "model",
  ]
  pruneopts = "NUT"
  revision = "7600349dcfe1abd18d72d3a1770870d9800a7801"

[[projects]]
  branch = "master"
  digest = "1:6621142cd60b7150ab66f38ff36303ca55843dc5a635c1f9a28f95ecddab72b4"
  name = "github.com/prometheus/procfs"
  packages = [
    ".",
    "internal/util",
    "nfs",
    "xfs",
  ]
  pruneopts = "NUT"
  revision = "ae68e2d4c00fed4943b5f6698d504a5fe083da8a"

[[projects]]
  digest = "1:53c3320ee307f01fd24a88e396a8d2239cd8346d1a085320209319f2d33f59cc"
  name = "github.com/robfig/cron"
  packages = ["."]
  pruneopts = "NUT"
  revision = "b41be1df696709bb6395fe435af20370037c0b4c"
  version = "v1.1"

[[projects]]
  digest = "1:1f0b284a6858827de4c27c66b49b2b25df3e16b031c2b57b7892273131e7dd2b"
  name = "github.com/smartystreets/assertions"
  packages = [
    ".",
    "internal/go-render/render",
    "internal/oglematchers",
  ]
  pruneopts = "NUT"
  revision = "7678a5452ebea5b7090a6b163f844c133f523da2"
  version = "1.8.3"

[[projects]]
  digest = "1:7efd0b2309cdd6468029fa30c808c50a820c9344df07e1a4bbdaf18f282907aa"
  name = "github.com/smartystreets/goconvey"
  packages = [
    "convey",
    "convey/gotest",
    "convey/reporting",
  ]
  pruneopts = "NUT"
  revision = "9e8dc3f972df6c8fcc0375ef492c24d0bb204857"
  version = "1.6.3"

[[projects]]
  digest = "1:330e9062b308ac597e28485699c02223bd052437a6eed32a173c9227dcb9d95a"
  name = "github.com/spf13/afero"
  packages = [
    ".",
    "mem",
  ]
  pruneopts = "NUT"
  revision = "787d034dfe70e44075ccc060d346146ef53270ad"
  version = "v1.1.1"

[[projects]]
  digest = "1:3fa7947ca83b98ae553590d993886e845a4bff19b7b007e869c6e0dd3b9da9cd"
  name = "github.com/spf13/cast"
  packages = ["."]
  pruneopts = "NUT"
  revision = "8965335b8c7107321228e3e3702cab9832751bac"
  version = "v1.2.0"

[[projects]]
  branch = "master"
  digest = "1:f29f83301ed096daed24a90f4af591b7560cb14b9cc3e1827abbf04db7269ab5"
  name = "github.com/spf13/jwalterweatherman"
  packages = ["."]
  pruneopts = "NUT"
  revision = "7c0cea34c8ece3fbeb2b27ab9b59511d360fb394"

[[projects]]
  digest = "1:15e5c398fbd9d2c439b635a08ac161b13d04f0c2aa587fe256b65dc0c3efe8b7"
  name = "github.com/spf13/pflag"
  packages = ["."]
  pruneopts = "NUT"
  revision = "583c0c0531f06d5278b7d917446061adc344b5cd"
  version = "v1.0.1"

[[projects]]
  digest = "1:ea67fb4941c0a1a92f828e73cf426533c71db02df45a2cdf55a14c3e7b74c07a"
  name = "github.com/spf13/viper"
  packages = ["."]
  pruneopts = "NUT"
  revision = "b5e8006cbee93ec955a89ab31e0e3ce3204f3736"
  version = "v1.0.2"

[[projects]]
  digest = "1:bacb8b590716ab7c33f2277240972c9582d389593ee8d66fc10074e0508b8126"
  name = "github.com/stretchr/testify"
  packages = ["assert"]
  pruneopts = "NUT"
  revision = "f35b8ab0b5a2cef36673838d662e249dd9c94686"
  version = "v1.2.2"

[[projects]]
  digest = "1:5dba68a1600a235630e208cb7196b24e58fcbb77bb7a6bec08fcd23f081b0a58"
  name = "github.com/urfave/cli"
  packages = ["."]
  pruneopts = "NUT"
  revision = "cfb38830724cc34fedffe9a2a29fb54fa9169cd1"
  version = "v1.20.0"

[[projects]]
  branch = "master"
  digest = "1:af354641f23332b1a8d5d361d11b5a9171589e412a67d499633706c611acc064"
  name = "github.com/valyala/bytebufferpool"
  packages = ["."]
  pruneopts = "NUT"
  revision = "e746df99fe4a3986f4d4f79e13c1e0117ce9c2f7"

[[projects]]
  branch = "master"
  digest = "1:f17377eef01c91aee2d0f93095d672bd27697c62e5546bde97f9c8412c141356"
  name = "github.com/valyala/fasttemplate"
  packages = ["."]
  pruneopts = "NUT"
  revision = "dcecefd839c4193db0d35b88ec65b4c12d360ab0"

[[projects]]
  digest = "1:22f696cee54865fb8e9ff91df7b633f6b8f22037a8015253c6b6a71ca82219c7"
  name = "go.uber.org/atomic"
  packages = ["."]
  pruneopts = "NUT"
  revision = "1ea20fb1cbb1cc08cbd0d913a96dead89aa18289"
  version = "v1.3.2"

[[projects]]
  digest = "1:b3793728655cbe58d84a3d908b5fbfe42d485aac9f75030310095db5c0f97486"
  name = "go.uber.org/dig"
  packages = [
    ".",
    "internal/digreflect",
  ]
  pruneopts = "NUT"
  revision = "d100de9c8cc8358591507951141bc107713ba671"
  version = "v1.3.0"

[[projects]]
  digest = "1:58ca93bdf81bac106ded02226b5395a0595d5346cdc4caa8d9c1f3a5f8f9976e"
  name = "go.uber.org/multierr"
  packages = ["."]
  pruneopts = "NUT"
  revision = "3c4937480c32f4c13a875a1829af76c98ca3d40a"
  version = "v1.1.0"

[[projects]]
  digest = "1:62c528643cd9de4e18c81ae52a5f0ec8a92c276259203bd1f19e33532bcb1af3"
  name = "go.uber.org/zap"
  packages = [
    ".",
    "buffer",
    "internal/bufferpool",
    "internal/color",
    "internal/exit",
    "zapcore",
  ]
  pruneopts = "NUT"
  revision = "4d45f9617f7d90f7a663ff21c7a4321dbe78098b"
  version = "v1.9.0"

[[projects]]
  branch = "master"
  digest = "1:ecfa68fe6a7559e9840d4afdcf5af74750bf147c89e30687578a95042b26bea8"
  name = "golang.org/x/crypto"
  packages = [
    "acme",
    "acme/autocert",
    "bcrypt",
    "blowfish",
    "ssh/terminal",
  ]
  pruneopts = "NUT"
  revision = "a2144134853fc9a27a7b1e3eb4f19f1a76df13c9"

[[projects]]
  branch = "master"
  digest = "1:d816c62dfe515b2cf7d0832d56ce48b3a98365ed53c8c636e220f5114f4b44d9"
  name = "golang.org/x/net"
  packages = [
    "context",
    "http/httpguts",
    "http2",
    "http2/hpack",
    "idna",
    "internal/timeseries",
    "trace",
  ]
  pruneopts = "NUT"
  revision = "a680a1efc54dd51c040b3b5ce4939ea3cf2ea0d1"

[[projects]]
  branch = "master"
  digest = "1:2d7edfb0bbbc458d95c8fa8263b199407da5c2d5d6966e279899ee46fb4977f1"
  name = "golang.org/x/sys"
  packages = [
    "unix",
    "windows",
    "windows/registry",
    "windows/svc",
    "windows/svc/debug",
    "windows/svc/eventlog",
    "windows/svc/mgr",
  ]
  pruneopts = "NUT"
  revision = "ac767d655b305d4e9612f5f6e33120b9176c4ad4"

[[projects]]
  digest = "1:e7071ed636b5422cc51c0e3a6cebc229d6c9fffc528814b519a980641422d619"
  name = "golang.org/x/text"
  packages = [
    "collate",
    "collate/build",
    "internal/colltab",
    "internal/gen",
    "internal/tag",
    "internal/triegen",
    "internal/ucd",
    "language",
    "secure/bidirule",
    "transform",
    "unicode/bidi",
    "unicode/cldr",
    "unicode/norm",
    "unicode/rangetable",
  ]
  pruneopts = "NUT"
  revision = "f21a4dfb5e38f5895301dc265a8def02365cc3d0"
  version = "v0.3.0"

[[projects]]
  branch = "master"
  digest = "1:601e63e7d4577f907118bec825902505291918859d223bce015539e79f1160e3"
  name = "google.golang.org/genproto"
  packages = ["googleapis/rpc/status"]
  pruneopts = "NUT"
  revision = "02b4e95473316948020af0b7a4f0f22c73929b0e"

[[projects]]
  digest = "1:d0e5846da58e4e20d1bbd7502b24f31d37e3ac1e02a9042d95bd93c2d0c139dd"
  name = "google.golang.org/grpc"
  packages = [
    ".",
    "balancer",
    "balancer/base",
    "balancer/roundrobin",
    "codes",
    "connectivity",
    "credentials",
    "encoding",
    "encoding/proto",
    "grpclog",
    "internal",
    "internal/backoff",
    "internal/channelz",
    "internal/grpcrand",
    "keepalive",
    "metadata",
    "naming",
    "peer",
    "resolver",
    "resolver/dns",
    "resolver/passthrough",
    "stats",
    "status",
    "tap",
    "transport",
  ]
  pruneopts = "NUT"
  revision = "168a6198bcb0ef175f7dacec0b8691fc141dc9b8"
  version = "v1.13.0"

[[projects]]
  digest = "1:813792cd18ed752eea76bd63abc0b5ebd3329fb9d645eacc9b37da9027b7c673"
  name = "gopkg.in/go-playground/validator.v9"
  packages = ["."]
  pruneopts = "NUT"
  revision = "ab2a8a99087e827c9af87ed6777ba897348fb178"
  version = "v9.20.2"

[[projects]]
  digest = "1:7c95b35057a0ff2e19f707173cc1a947fa43a6eb5c4d300d196ece0334046082"
  name = "gopkg.in/yaml.v2"
  packages = ["."]
  pruneopts = "NUT"
  revision = "5420a8b6744d3b0345ab293f6fcba19c978f1183"
  version = "v2.2.1"

[solve-meta]
  analyzer-name = "dep"
  analyzer-version = 1
  input-imports = [
    "github.com/bouk/monkey",
    "github.com/chapsuk/mserv",
    "github.com/chapsuk/worker",
    "github.com/davecgh/go-spew/spew",
    "github.com/go-pg/pg",
    "github.com/go-pg/pg/types",
    "github.com/go-redis/redis",
    "github.com/labstack/echo",
    "github.com/labstack/gommon/log",
    "github.com/nats-io/gnatsd/test",
    "github.com/nats-io/go-nats",
    "github.com/pkg/errors",
    "github.com/prometheus/client_golang/prometheus/promhttp",
    "github.com/smartystreets/goconvey/convey",
    "github.com/spf13/viper",
    "github.com/stretchr/testify/assert",
    "github.com/urfave/cli",
    "go.uber.org/dig",
    "go.uber.org/zap",
    "go.uber.org/zap/zapcore",
    "gopkg.in/go-playground/validator.v9",
  ]
  solver-name = "gps-cdcl"
  solver-version = 1
